hash: d6ca59accc943b975db223165c33952c3f6c40a86f13e28f3b6944daba86e8ac
updated: 2018-02-22T22:45:55.146352004+02:00
imports:
- name: github.com/auth0/go-jwt-middleware
  version: 5493cabe49f7bfa6e2ec444a09d334d90cd4e2bd
- name: github.com/corpix/uarand
  version: 2b8494104d86337cdd41d0a49cbed8e4583c0ab4
- name: github.com/dgrijalva/jwt-go
  version: dbeaa9332f19a944acb5736b4456cfcc02140e29
- name: github.com/gocql/gocql
  version: a2c732f85a90e3b03df8088d7719488c8dc4d7d1
  subpackages:
  - internal/lru
  - internal/murmur
  - internal/streams
- name: github.com/golang/mock
  version: 13f360950a79f5864a972c786a10a50e44b69541
  subpackages:
  - gomock
- name: github.com/golang/snappy
  version: 553a641470496b2327abcac10b36396bd98e45c9
- name: github.com/gorilla/context
  version: 08b5f424b9271eedf6f9f0ce86cb9396ed337a42
- name: github.com/gorilla/mux
  version: 53c1911da2b537f792e7cafcb446b05ffe33b996
- name: github.com/hailocab/go-hostpool
  version: e80d13ce29ede4452c43dea11e79b9bc8a15b478
- name: github.com/icrowley/fake
  version: 4178557ae428460c3780a381c824a1f3aceb6325
- name: github.com/relops/cqlr
  version: 0ac35893ea3f1e4ee717ba838972b70a0943f7d7
- name: github.com/rs/cors
  version: feef513b9575b32f84bafa580aad89b011259019
- name: gopkg.in/inf.v0
  version: 3887ee99ecf07df5b447e9b00d9c0b2adaa9f3e4
- name: gopkg.in/yaml.v2
  version: d670f9405373e636a5a2765eea47fac0c9bc91a4
testImports: []
